
Microsoft Visual Studio Solution File, Format Version 12.00
# Visual Studio Version 16
VisualStudioVersion = 16.0.32802.440
MinimumVisualStudioVersion = 10.0.40219.1
Project("{FAE04EC0-301F-11D3-BF4B-00C04F79EFBC}") = "DumbCodeYe", "DumbCodeYe\DumbCodeYe.csproj", "{E4BC0716-34CF-4080-9364-54BD59BA2FC1}"
EndProject
Global
	GlobalSection(SolutionConfigurationPlatforms) = preSolution
		Debug|Any CPU = Debug|Any CPU
		Debug|x86 = Debug|x86
		Release|Any CPU = Release|Any CPU
		Release|x86 = Release|x86
	EndGlobalSection
	GlobalSection(ProjectConfigurationPlatforms) = postSolution
		{E4BC0716-34CF-4080-9364-54BD59BA2FC1}.Debug|Any CPU.ActiveCfg = Debug|Any CPU
		{E4BC0716-34CF-4080-9364-54BD59BA2FC1}.Debug|Any CPU.Build.0 = Debug|Any CPU
		{E4BC0716-34CF-4080-9364-54BD59BA2FC1}.Debug|x86.ActiveCfg = Debug|x86
		{E4BC0716-34CF-4080-9364-54BD59BA2FC1}.Debug|x86.Build.0 = Debug|x86
		{E4BC0716-34CF-4080-9364-54BD59BA2FC1}.Release|Any CPU.ActiveCfg = Release|Any CPU
		{E4BC0716-34CF-4080-9364-54BD59BA2FC1}.Release|Any CPU.Build.0 = Release|Any CPU
		{E4BC0716-34CF-4080-9364-54BD59BA2FC1}.Release|x86.ActiveCfg = Release|x86
		{E4BC0716-34CF-4080-9364-54BD59BA2FC1}.Release|x86.Build.0 = Release|x86
	EndGlobalSection
	GlobalSection(SolutionProperties) = preSolution
		HideSolutionNode = FALSE
	EndGlobalSection
	GlobalSection(ExtensibilityGlobals) = postSolution
		SolutionGuid = {E08BC4DB-59A3-40A0-834A-2A2B3B144832}
	EndGlobalSection
EndGlobal
